
Microsoft Visual Studio Solution File, Format Version 12.00
# Visual Studio Version 16
VisualStudioVersion = 16.0.810.22
MinimumVisualStudioVersion = 10.0.40219.1
Project("{FAE04EC0-301F-11D3-BF4B-00C04F79EFBC}") = "Concurrency.CookBook", "Concurrency.CookBook\Concurrency.CookBook.csproj", "{5E5DEA27-3EC4-46C7-AFD7-A9BF8CE2C302}"
EndProject
Global
	GlobalSection(SolutionConfigurationPlatforms) = preSolution
		Debug|Any CPU = Debug|Any CPU
		Release|Any CPU = Release|Any CPU
	EndGlobalSection
	GlobalSection(ProjectConfigurationPlatforms) = postSolution
		{5E5DEA27-3EC4-46C7-AFD7-A9BF8CE2C302}.Debug|Any CPU.ActiveCfg = Debug|Any CPU
		{5E5DEA27-3EC4-46C7-AFD7-A9BF8CE2C302}.Debug|Any CPU.Build.0 = Debug|Any CPU
		{5E5DEA27-3EC4-46C7-AFD7-A9BF8CE2C302}.Release|Any CPU.ActiveCfg = Release|Any CPU
		{5E5DEA27-3EC4-46C7-AFD7-A9BF8CE2C302}.Release|Any CPU.Build.0 = Release|Any CPU
	EndGlobalSection
	GlobalSection(SolutionProperties) = preSolution
		HideSolutionNode = FALSE
	EndGlobalSection
	GlobalSection(ExtensibilityGlobals) = postSolution
		SolutionGuid = {EF2777D0-C7BF-455D-B71F-A4784BBEC4F5}
	EndGlobalSection
EndGlobal
